
Microsoft Visual Studio Solution File, Format Version 12.00
# Visual Studio Version 17
VisualStudioVersion = 17.3.32811.315
MinimumVisualStudioVersion = 10.0.40219.1
Project("{8BC9CEB8-8B4A-11D0-8D11-00A0C91BC942}") = "Граф-Прил", "Граф-Прил\Граф-Прил.vcxproj", "{91F18864-B558-4313-82E1-6DB9D1CD7326}"
EndProject
Global
	GlobalSection(SolutionConfigurationPlatforms) = preSolution
		Debug|x64 = Debug|x64
		Debug|x86 = Debug|x86
		Release|x64 = Release|x64
		Release|x86 = Release|x86
	EndGlobalSection
	GlobalSection(ProjectConfigurationPlatforms) = postSolution
		{91F18864-B558-4313-82E1-6DB9D1CD7326}.Debug|x64.ActiveCfg = Debug|x64
		{91F18864-B558-4313-82E1-6DB9D1CD7326}.Debug|x64.Build.0 = Debug|x64
		{91F18864-B558-4313-82E1-6DB9D1CD7326}.Debug|x86.ActiveCfg = Debug|Win32
		{91F18864-B558-4313-82E1-6DB9D1CD7326}.Debug|x86.Build.0 = Debug|Win32
		{91F18864-B558-4313-82E1-6DB9D1CD7326}.Release|x64.ActiveCfg = Release|x64
		{91F18864-B558-4313-82E1-6DB9D1CD7326}.Release|x64.Build.0 = Release|x64
		{91F18864-B558-4313-82E1-6DB9D1CD7326}.Release|x86.ActiveCfg = Release|Win32
		{91F18864-B558-4313-82E1-6DB9D1CD7326}.Release|x86.Build.0 = Release|Win32
	EndGlobalSection
	GlobalSection(SolutionProperties) = preSolution
		HideSolutionNode = FALSE
	EndGlobalSection
	GlobalSection(ExtensibilityGlobals) = postSolution
		SolutionGuid = {74F50438-AAB5-433F-A40D-F5D99C150A61}
	EndGlobalSection
EndGlobal
